
Microsoft Visual Studio Solution File, Format Version 12.00
# Visual Studio 14
VisualStudioVersion = 14.0.25420.1
MinimumVisualStudioVersion = 10.0.40219.1
Project("{FAE04EC0-301F-11D3-BF4B-00C04F79EFBC}") = "Store.Data", "Store.Data\Store.Data.csproj", "{5449E17C-E172-4D0A-B639-B09A8AF3524E}"
EndProject
Project("{FAE04EC0-301F-11D3-BF4B-00C04F79EFBC}") = "Store.Web", "Store.Web\Store.Web.csproj", "{A96C6F6C-EBA9-4D89-BBCA-AEE2B2E55484}"
EndProject
Global
	GlobalSection(SolutionConfigurationPlatforms) = preSolution
		Debug|Any CPU = Debug|Any CPU
		Release|Any CPU = Release|Any CPU
	EndGlobalSection
	GlobalSection(ProjectConfigurationPlatforms) = postSolution
		{5449E17C-E172-4D0A-B639-B09A8AF3524E}.Debug|Any CPU.ActiveCfg = Debug|Any CPU
		{5449E17C-E172-4D0A-B639-B09A8AF3524E}.Debug|Any CPU.Build.0 = Debug|Any CPU
		{5449E17C-E172-4D0A-B639-B09A8AF3524E}.Release|Any CPU.ActiveCfg = Release|Any CPU
		{5449E17C-E172-4D0A-B639-B09A8AF3524E}.Release|Any CPU.Build.0 = Release|Any CPU
		{A96C6F6C-EBA9-4D89-BBCA-AEE2B2E55484}.Debug|Any CPU.ActiveCfg = Debug|Any CPU
		{A96C6F6C-EBA9-4D89-BBCA-AEE2B2E55484}.Debug|Any CPU.Build.0 = Debug|Any CPU
		{A96C6F6C-EBA9-4D89-BBCA-AEE2B2E55484}.Release|Any CPU.ActiveCfg = Release|Any CPU
		{A96C6F6C-EBA9-4D89-BBCA-AEE2B2E55484}.Release|Any CPU.Build.0 = Release|Any CPU
	EndGlobalSection
	GlobalSection(SolutionProperties) = preSolution
		HideSolutionNode = FALSE
	EndGlobalSection
EndGlobal
